<?xml version="1.0" encoding="utf-8"?>
<Project ToolsVersion="4.0" xmlns="http://schemas.microsoft.com/developer/msbuild/2003">
  <ItemGroup>
    <ClCompile Include="motion_framework.cpp">
      <Filter>Source Files</Filter>
    </ClCompile>
    <ClCompile Include="rw_flow.cpp">
      <Filter>Source Files</Filter>
    </ClCompile>
    <ClCompile Include="motion_hist.cpp">
      <Filter>Source Files</Filter>
    </ClCompile>
    <ClCompile Include="main_video.cpp">
      <Filter>Source Files</Filter>
    </ClCompile>
  </ItemGroup>
  <ItemGroup>
    <ClInclude Include="block_position.h">
      <Filter>Header Files</Filter>
    </ClInclude>
    <ClInclude Include="motion_framework.h">
      <Filter>Header Files</Filter>
    </ClInclude>
    <ClInclude Include="opencv_headers.h">
      <Filter>Header Files</Filter>
    </ClInclude>
    <ClInclude Include="pyramid_level.h">
      <Filter>Header Files</Filter>
    </ClInclude>
    <ClInclude Include="rw_flow.h">
      <Filter>Header Files</Filter>
    </ClInclude>
    <ClInclude Include="standard_headers.h">
      <Filter>Header Files</Filter>
    </ClInclude>
    <ClInclude Include="motion_hist.h">
      <Filter>Header Files</Filter>
    </ClInclude>
    <ClInclude Include="parallel.h">
      <Filter>Header Files</Filter>
    </ClInclude>
  </ItemGroup>
  <ItemGroup>
    <Filter Include="Header Files">
      <UniqueIdentifier>{5fd9bf98-efed-4d03-adda-a291c0548281}</UniqueIdentifier>
    </Filter>
    <Filter Include="Source Files">
      <UniqueIdentifier>{f2c7ca02-51e3-441a-b0fc-1fdfb187a808}</UniqueIdentifier>
    </Filter>
  </ItemGroup>
</Project>